
Microsoft Visual Studio Solution File, Format Version 12.00
# Visual Studio Version 16
VisualStudioVersion = 16.0.29326.143
MinimumVisualStudioVersion = 10.0.40219.1
Project("{9A19103F-16F7-4668-BE54-9A1E7A4F7556}") = "TeleBillingAPI", "TeleBillingAPI\TeleBillingAPI.csproj", "{94F4D8DB-07B4-419A-B190-2B1EE4BB7F72}"
EndProject
Project("{9A19103F-16F7-4668-BE54-9A1E7A4F7556}") = "TeleBillingUtility", "TeleBillingUtility\TeleBillingUtility.csproj", "{5D8352DB-5F07-4860-B87A-C874134D1721}"
EndProject
Project("{9A19103F-16F7-4668-BE54-9A1E7A4F7556}") = "TeleBillingRepository", "TeleBillingRepository\TeleBillingRepository.csproj", "{BE63D877-EA5C-47CC-B693-060CBBC445C0}"
EndProject
Project("{9A19103F-16F7-4668-BE54-9A1E7A4F7556}") = "TeleBillingRemiderService", "TeleBillingRemiderService\TeleBillingRemiderService.csproj", "{85BF1B0E-229C-4824-AEEC-A1BC0B07A908}"
EndProject
Project("{FAE04EC0-301F-11D3-BF4B-00C04F79EFBC}") = "TeleBillingBillCloseService", "TeleBillingBillCloseService\TeleBillingBillCloseService.csproj", "{4377A633-E80D-43C5-9A63-47D16644BE08}"
EndProject
Global
	GlobalSection(SolutionConfigurationPlatforms) = preSolution
		Debug|Any CPU = Debug|Any CPU
		Release|Any CPU = Release|Any CPU
	EndGlobalSection
	GlobalSection(ProjectConfigurationPlatforms) = postSolution
		{94F4D8DB-07B4-419A-B190-2B1EE4BB7F72}.Debug|Any CPU.ActiveCfg = Debug|Any CPU
		{94F4D8DB-07B4-419A-B190-2B1EE4BB7F72}.Debug|Any CPU.Build.0 = Debug|Any CPU
		{94F4D8DB-07B4-419A-B190-2B1EE4BB7F72}.Release|Any CPU.ActiveCfg = Release|Any CPU
		{94F4D8DB-07B4-419A-B190-2B1EE4BB7F72}.Release|Any CPU.Build.0 = Release|Any CPU
		{5D8352DB-5F07-4860-B87A-C874134D1721}.Debug|Any CPU.ActiveCfg = Debug|Any CPU
		{5D8352DB-5F07-4860-B87A-C874134D1721}.Debug|Any CPU.Build.0 = Debug|Any CPU
		{5D8352DB-5F07-4860-B87A-C874134D1721}.Release|Any CPU.ActiveCfg = Release|Any CPU
		{5D8352DB-5F07-4860-B87A-C874134D1721}.Release|Any CPU.Build.0 = Release|Any CPU
		{BE63D877-EA5C-47CC-B693-060CBBC445C0}.Debug|Any CPU.ActiveCfg = Debug|Any CPU
		{BE63D877-EA5C-47CC-B693-060CBBC445C0}.Debug|Any CPU.Build.0 = Debug|Any CPU
		{BE63D877-EA5C-47CC-B693-060CBBC445C0}.Release|Any CPU.ActiveCfg = Release|Any CPU
		{BE63D877-EA5C-47CC-B693-060CBBC445C0}.Release|Any CPU.Build.0 = Release|Any CPU
		{85BF1B0E-229C-4824-AEEC-A1BC0B07A908}.Debug|Any CPU.ActiveCfg = Debug|Any CPU
		{85BF1B0E-229C-4824-AEEC-A1BC0B07A908}.Debug|Any CPU.Build.0 = Debug|Any CPU
		{85BF1B0E-229C-4824-AEEC-A1BC0B07A908}.Release|Any CPU.ActiveCfg = Release|Any CPU
		{85BF1B0E-229C-4824-AEEC-A1BC0B07A908}.Release|Any CPU.Build.0 = Release|Any CPU
		{4377A633-E80D-43C5-9A63-47D16644BE08}.Debug|Any CPU.ActiveCfg = Debug|Any CPU
		{4377A633-E80D-43C5-9A63-47D16644BE08}.Debug|Any CPU.Build.0 = Debug|Any CPU
		{4377A633-E80D-43C5-9A63-47D16644BE08}.Release|Any CPU.ActiveCfg = Release|Any CPU
		{4377A633-E80D-43C5-9A63-47D16644BE08}.Release|Any CPU.Build.0 = Release|Any CPU
	EndGlobalSection
	GlobalSection(SolutionProperties) = preSolution
		HideSolutionNode = FALSE
	EndGlobalSection
	GlobalSection(ExtensibilityGlobals) = postSolution
		SolutionGuid = {32AF1A43-B770-40F0-8553-533515E5AD5C}
	EndGlobalSection
	GlobalSection(TeamFoundationVersionControl) = preSolution
		SccNumberOfProjects = 6
		SccEnterpriseProvider = {4CA58AB2-18FA-4F8D-95D4-32DDF27D184C}
		SccTeamFoundationServer = http://192.168.1.4:8080/tfs/webmyne%20systems%20tfs%20collection
		SccLocalPath0 = .
		SccProjectUniqueName1 = TeleBillingAPI\\TeleBillingAPI.csproj
		SccProjectName1 = TeleBillingAPI
		SccLocalPath1 = TeleBillingAPI
		SccProjectUniqueName2 = TeleBillingRepository\\TeleBillingRepository.csproj
		SccProjectName2 = TeleBillingRepository
		SccLocalPath2 = TeleBillingRepository
		SccProjectUniqueName3 = TeleBillingUtility\\TeleBillingUtility.csproj
		SccProjectName3 = TeleBillingUtility
		SccLocalPath3 = TeleBillingUtility
		SccProjectUniqueName4 = TeleBillingRemiderService\\TeleBillingRemiderService.csproj
		SccProjectName4 = TeleBillingRemiderService
		SccLocalPath4 = TeleBillingRemiderService
		SccProjectUniqueName5 = TeleBillingBillCloseService\\TeleBillingBillCloseService.csproj
		SccProjectName5 = TeleBillingBillCloseService
		SccLocalPath5 = TeleBillingBillCloseService
	EndGlobalSection
EndGlobal
